
Microsoft Visual Studio Solution File, Format Version 12.00
# Visual Studio Version 16
VisualStudioVersion = 16.0.29519.181
MinimumVisualStudioVersion = 10.0.40219.1
Project("{FAE04EC0-301F-11D3-BF4B-00C04F79EFBC}") = "desafio_bludata", "desafio_bludata\desafio_bludata.csproj", "{B75921E1-97A2-40AD-8AB3-E70ABB29BA56}"
EndProject
Global
	GlobalSection(SolutionConfigurationPlatforms) = preSolution
		Debug|Any CPU = Debug|Any CPU
		Release|Any CPU = Release|Any CPU
	EndGlobalSection
	GlobalSection(ProjectConfigurationPlatforms) = postSolution
		{B75921E1-97A2-40AD-8AB3-E70ABB29BA56}.Debug|Any CPU.ActiveCfg = Debug|Any CPU
		{B75921E1-97A2-40AD-8AB3-E70ABB29BA56}.Debug|Any CPU.Build.0 = Debug|Any CPU
		{B75921E1-97A2-40AD-8AB3-E70ABB29BA56}.Release|Any CPU.ActiveCfg = Release|Any CPU
		{B75921E1-97A2-40AD-8AB3-E70ABB29BA56}.Release|Any CPU.Build.0 = Release|Any CPU
	EndGlobalSection
	GlobalSection(SolutionProperties) = preSolution
		HideSolutionNode = FALSE
	EndGlobalSection
	GlobalSection(ExtensibilityGlobals) = postSolution
		SolutionGuid = {4BC60B99-66DC-4EEA-850E-99269CC5D8B6}
	EndGlobalSection
EndGlobal
